
Microsoft Visual Studio Solution File, Format Version 12.00
# Visual Studio Version 16
VisualStudioVersion = 16.0.30104.148
MinimumVisualStudioVersion = 10.0.40219.1
Project("{2150E333-8FDC-42A3-9474-1A3956D46DE8}") = "Task05-1", "Task05-1", "{BAE9DA4C-101C-4CEC-A4A2-9CBA95E9F2D8}"
EndProject
Project("{FAE04EC0-301F-11D3-BF4B-00C04F79EFBC}") = "DataStorage", "Task05-1\DataStorage\DataStorage.csproj", "{143757D9-8629-4085-A9D6-8E986B5D826A}"
EndProject
Project("{FAE04EC0-301F-11D3-BF4B-00C04F79EFBC}") = "Students", "Task05-1\Students\Students.csproj", "{E6CE0054-E9DD-4419-A6A9-FA8CB8D2F7C8}"
EndProject
Project("{FAE04EC0-301F-11D3-BF4B-00C04F79EFBC}") = "UnitTestStudents", "Task05-1\UnitTestStudents\UnitTestStudents.csproj", "{F053B713-4539-4541-8839-9B457C39D093}"
EndProject
Project("{FAE04EC0-301F-11D3-BF4B-00C04F79EFBC}") = "UnitTestDataStorage", "Task05-1\UnitTestDataStorage\UnitTestDataStorage.csproj", "{840E325B-4998-49E4-AC5F-83067153CCC6}"
EndProject
Global
	GlobalSection(SolutionConfigurationPlatforms) = preSolution
		Debug|Any CPU = Debug|Any CPU
		Release|Any CPU = Release|Any CPU
	EndGlobalSection
	GlobalSection(ProjectConfigurationPlatforms) = postSolution
		{143757D9-8629-4085-A9D6-8E986B5D826A}.Debug|Any CPU.ActiveCfg = Debug|Any CPU
		{143757D9-8629-4085-A9D6-8E986B5D826A}.Debug|Any CPU.Build.0 = Debug|Any CPU
		{143757D9-8629-4085-A9D6-8E986B5D826A}.Release|Any CPU.ActiveCfg = Release|Any CPU
		{143757D9-8629-4085-A9D6-8E986B5D826A}.Release|Any CPU.Build.0 = Release|Any CPU
		{E6CE0054-E9DD-4419-A6A9-FA8CB8D2F7C8}.Debug|Any CPU.ActiveCfg = Debug|Any CPU
		{E6CE0054-E9DD-4419-A6A9-FA8CB8D2F7C8}.Debug|Any CPU.Build.0 = Debug|Any CPU
		{E6CE0054-E9DD-4419-A6A9-FA8CB8D2F7C8}.Release|Any CPU.ActiveCfg = Release|Any CPU
		{E6CE0054-E9DD-4419-A6A9-FA8CB8D2F7C8}.Release|Any CPU.Build.0 = Release|Any CPU
		{F053B713-4539-4541-8839-9B457C39D093}.Debug|Any CPU.ActiveCfg = Debug|Any CPU
		{F053B713-4539-4541-8839-9B457C39D093}.Debug|Any CPU.Build.0 = Debug|Any CPU
		{F053B713-4539-4541-8839-9B457C39D093}.Release|Any CPU.ActiveCfg = Release|Any CPU
		{F053B713-4539-4541-8839-9B457C39D093}.Release|Any CPU.Build.0 = Release|Any CPU
		{840E325B-4998-49E4-AC5F-83067153CCC6}.Debug|Any CPU.ActiveCfg = Debug|Any CPU
		{840E325B-4998-49E4-AC5F-83067153CCC6}.Debug|Any CPU.Build.0 = Debug|Any CPU
		{840E325B-4998-49E4-AC5F-83067153CCC6}.Release|Any CPU.ActiveCfg = Release|Any CPU
		{840E325B-4998-49E4-AC5F-83067153CCC6}.Release|Any CPU.Build.0 = Release|Any CPU
	EndGlobalSection
	GlobalSection(SolutionProperties) = preSolution
		HideSolutionNode = FALSE
	EndGlobalSection
	GlobalSection(NestedProjects) = preSolution
		{143757D9-8629-4085-A9D6-8E986B5D826A} = {BAE9DA4C-101C-4CEC-A4A2-9CBA95E9F2D8}
		{E6CE0054-E9DD-4419-A6A9-FA8CB8D2F7C8} = {BAE9DA4C-101C-4CEC-A4A2-9CBA95E9F2D8}
		{F053B713-4539-4541-8839-9B457C39D093} = {BAE9DA4C-101C-4CEC-A4A2-9CBA95E9F2D8}
		{840E325B-4998-49E4-AC5F-83067153CCC6} = {BAE9DA4C-101C-4CEC-A4A2-9CBA95E9F2D8}
	EndGlobalSection
	GlobalSection(ExtensibilityGlobals) = postSolution
		SolutionGuid = {BE7BBF32-AC01-427C-A2D6-FF80D4717C49}
	EndGlobalSection
EndGlobal
