
Microsoft Visual Studio Solution File, Format Version 12.00
# Visual Studio Version 16
VisualStudioVersion = 16.0.30104.148
MinimumVisualStudioVersion = 10.0.40219.1
Project("{FAE04EC0-301F-11D3-BF4B-00C04F79EFBC}") = "Vectors", "Task02-1\Vectors\Vectors.csproj", "{3D1CBCAB-B530-49F2-8CCE-3F38416EBDE5}"
EndProject
Project("{2150E333-8FDC-42A3-9474-1A3956D46DE8}") = "Task02-1", "Task02-1", "{AC89F138-E0D6-4755-8964-C7C433514711}"
EndProject
Project("{2150E333-8FDC-42A3-9474-1A3956D46DE8}") = "Task02-2", "Task02-2", "{B0153F1F-637A-48EF-9255-ADC7D091D28A}"
EndProject
Project("{FAE04EC0-301F-11D3-BF4B-00C04F79EFBC}") = "Algebra", "Task02-2\Algebra\Algebra.csproj", "{8289259F-44E4-47EF-B593-14278EF34AC3}"
EndProject
Project("{2150E333-8FDC-42A3-9474-1A3956D46DE8}") = "Task02-3", "Task02-3", "{8445F60A-E684-4DFD-91DD-6D7EA1D988C6}"
EndProject
Project("{FAE04EC0-301F-11D3-BF4B-00C04F79EFBC}") = "GoodsSystem", "Task02-3\GoodsSystem\GoodsSystem.csproj", "{5754D4E5-8B8B-4ECF-81F0-42BC12DAE567}"
EndProject
Project("{FAE04EC0-301F-11D3-BF4B-00C04F79EFBC}") = "UnitTestVectors", "Task02-1\UnitTestVectors\UnitTestVectors.csproj", "{C99FA77E-C1F3-421E-9916-EBD476972AA8}"
EndProject
Project("{FAE04EC0-301F-11D3-BF4B-00C04F79EFBC}") = "UnitTestAlgebra", "Task02-2\UnitTestAlgebra\UnitTestAlgebra.csproj", "{077E857E-8B33-4DE7-AB1E-A7EF371DBE7B}"
EndProject
Project("{FAE04EC0-301F-11D3-BF4B-00C04F79EFBC}") = "UnitTestGoodsSystem", "Task02-3\UnitTestGoodsSystem\UnitTestGoodsSystem.csproj", "{194810F2-EC9D-46A8-945D-78023A3A9AC1}"
EndProject
Global
	GlobalSection(SolutionConfigurationPlatforms) = preSolution
		Debug|Any CPU = Debug|Any CPU
		Release|Any CPU = Release|Any CPU
	EndGlobalSection
	GlobalSection(ProjectConfigurationPlatforms) = postSolution
		{3D1CBCAB-B530-49F2-8CCE-3F38416EBDE5}.Debug|Any CPU.ActiveCfg = Debug|Any CPU
		{3D1CBCAB-B530-49F2-8CCE-3F38416EBDE5}.Debug|Any CPU.Build.0 = Debug|Any CPU
		{3D1CBCAB-B530-49F2-8CCE-3F38416EBDE5}.Release|Any CPU.ActiveCfg = Release|Any CPU
		{3D1CBCAB-B530-49F2-8CCE-3F38416EBDE5}.Release|Any CPU.Build.0 = Release|Any CPU
		{8289259F-44E4-47EF-B593-14278EF34AC3}.Debug|Any CPU.ActiveCfg = Debug|Any CPU
		{8289259F-44E4-47EF-B593-14278EF34AC3}.Debug|Any CPU.Build.0 = Debug|Any CPU
		{8289259F-44E4-47EF-B593-14278EF34AC3}.Release|Any CPU.ActiveCfg = Release|Any CPU
		{8289259F-44E4-47EF-B593-14278EF34AC3}.Release|Any CPU.Build.0 = Release|Any CPU
		{5754D4E5-8B8B-4ECF-81F0-42BC12DAE567}.Debug|Any CPU.ActiveCfg = Debug|Any CPU
		{5754D4E5-8B8B-4ECF-81F0-42BC12DAE567}.Debug|Any CPU.Build.0 = Debug|Any CPU
		{5754D4E5-8B8B-4ECF-81F0-42BC12DAE567}.Release|Any CPU.ActiveCfg = Release|Any CPU
		{5754D4E5-8B8B-4ECF-81F0-42BC12DAE567}.Release|Any CPU.Build.0 = Release|Any CPU
		{C99FA77E-C1F3-421E-9916-EBD476972AA8}.Debug|Any CPU.ActiveCfg = Debug|Any CPU
		{C99FA77E-C1F3-421E-9916-EBD476972AA8}.Debug|Any CPU.Build.0 = Debug|Any CPU
		{C99FA77E-C1F3-421E-9916-EBD476972AA8}.Release|Any CPU.ActiveCfg = Release|Any CPU
		{C99FA77E-C1F3-421E-9916-EBD476972AA8}.Release|Any CPU.Build.0 = Release|Any CPU
		{077E857E-8B33-4DE7-AB1E-A7EF371DBE7B}.Debug|Any CPU.ActiveCfg = Debug|Any CPU
		{077E857E-8B33-4DE7-AB1E-A7EF371DBE7B}.Debug|Any CPU.Build.0 = Debug|Any CPU
		{077E857E-8B33-4DE7-AB1E-A7EF371DBE7B}.Release|Any CPU.ActiveCfg = Release|Any CPU
		{077E857E-8B33-4DE7-AB1E-A7EF371DBE7B}.Release|Any CPU.Build.0 = Release|Any CPU
		{194810F2-EC9D-46A8-945D-78023A3A9AC1}.Debug|Any CPU.ActiveCfg = Debug|Any CPU
		{194810F2-EC9D-46A8-945D-78023A3A9AC1}.Debug|Any CPU.Build.0 = Debug|Any CPU
		{194810F2-EC9D-46A8-945D-78023A3A9AC1}.Release|Any CPU.ActiveCfg = Release|Any CPU
		{194810F2-EC9D-46A8-945D-78023A3A9AC1}.Release|Any CPU.Build.0 = Release|Any CPU
	EndGlobalSection
	GlobalSection(SolutionProperties) = preSolution
		HideSolutionNode = FALSE
	EndGlobalSection
	GlobalSection(NestedProjects) = preSolution
		{3D1CBCAB-B530-49F2-8CCE-3F38416EBDE5} = {AC89F138-E0D6-4755-8964-C7C433514711}
		{8289259F-44E4-47EF-B593-14278EF34AC3} = {B0153F1F-637A-48EF-9255-ADC7D091D28A}
		{5754D4E5-8B8B-4ECF-81F0-42BC12DAE567} = {8445F60A-E684-4DFD-91DD-6D7EA1D988C6}
		{C99FA77E-C1F3-421E-9916-EBD476972AA8} = {AC89F138-E0D6-4755-8964-C7C433514711}
		{077E857E-8B33-4DE7-AB1E-A7EF371DBE7B} = {B0153F1F-637A-48EF-9255-ADC7D091D28A}
		{194810F2-EC9D-46A8-945D-78023A3A9AC1} = {8445F60A-E684-4DFD-91DD-6D7EA1D988C6}
	EndGlobalSection
	GlobalSection(ExtensibilityGlobals) = postSolution
		SolutionGuid = {BE7BBF32-AC01-427C-A2D6-FF80D4717C49}
	EndGlobalSection
EndGlobal
